
Microsoft Visual Studio Solution File, Format Version 12.00
# Visual Studio Version 17
VisualStudioVersion = 17.10.34916.146
MinimumVisualStudioVersion = 10.0.40219.1
Project("{FAE04EC0-301F-11D3-BF4B-00C04F79EFBC}") = "CodeFirstApi", "CodeFirstApi.csproj", "{1B1A8489-457A-42B2-A06A-C2ADE779E7F6}"
EndProject
Project("{FAE04EC0-301F-11D3-BF4B-00C04F79EFBC}") = "DataBaseFirst", "..\DataBaseFirst\DataBaseFirst.csproj", "{9BC84CCD-948A-4D49-86CE-99DFEC2C42D4}"
EndProject
Project("{FAE04EC0-301F-11D3-BF4B-00C04F79EFBC}") = "BusinessRules", "..\BusinessRules\BusinessRules.csproj", "{1602F60D-2E9E-47C8-A3C2-C601C73BF113}"
EndProject
Global
	GlobalSection(SolutionConfigurationPlatforms) = preSolution
		Debug|Any CPU = Debug|Any CPU
		Release|Any CPU = Release|Any CPU
	EndGlobalSection
	GlobalSection(ProjectConfigurationPlatforms) = postSolution
		{1B1A8489-457A-42B2-A06A-C2ADE779E7F6}.Debug|Any CPU.ActiveCfg = Debug|Any CPU
		{1B1A8489-457A-42B2-A06A-C2ADE779E7F6}.Debug|Any CPU.Build.0 = Debug|Any CPU
		{1B1A8489-457A-42B2-A06A-C2ADE779E7F6}.Release|Any CPU.ActiveCfg = Release|Any CPU
		{1B1A8489-457A-42B2-A06A-C2ADE779E7F6}.Release|Any CPU.Build.0 = Release|Any CPU
		{9BC84CCD-948A-4D49-86CE-99DFEC2C42D4}.Debug|Any CPU.ActiveCfg = Debug|Any CPU
		{9BC84CCD-948A-4D49-86CE-99DFEC2C42D4}.Debug|Any CPU.Build.0 = Debug|Any CPU
		{9BC84CCD-948A-4D49-86CE-99DFEC2C42D4}.Release|Any CPU.ActiveCfg = Release|Any CPU
		{9BC84CCD-948A-4D49-86CE-99DFEC2C42D4}.Release|Any CPU.Build.0 = Release|Any CPU
		{1602F60D-2E9E-47C8-A3C2-C601C73BF113}.Debug|Any CPU.ActiveCfg = Debug|Any CPU
		{1602F60D-2E9E-47C8-A3C2-C601C73BF113}.Debug|Any CPU.Build.0 = Debug|Any CPU
		{1602F60D-2E9E-47C8-A3C2-C601C73BF113}.Release|Any CPU.ActiveCfg = Release|Any CPU
		{1602F60D-2E9E-47C8-A3C2-C601C73BF113}.Release|Any CPU.Build.0 = Release|Any CPU
	EndGlobalSection
	GlobalSection(SolutionProperties) = preSolution
		HideSolutionNode = FALSE
	EndGlobalSection
	GlobalSection(ExtensibilityGlobals) = postSolution
		SolutionGuid = {02DE20B8-4E6E-41A4-9B15-2A93A54C7E96}
	EndGlobalSection
EndGlobal
